{
  "name": "GeoDjango",
  "version": "1.0.0",
  "lockfileVersion": 1,
  "requires": true,
  "dependencies": {
    "workbox-cacheable-response": {
      "version": "5.1.4",
      "resolved": "https://registry.npmjs.org/workbox-cacheable-response/-/workbox-cacheable-response-5.1.4.tgz",
      "integrity": "sha512-0bfvMZs0Of1S5cdswfQK0BXt6ulU5kVD4lwer2CeI+03czHprXR3V4Y8lPTooamn7eHP8Iywi5QjyAMjw0qauA==",
      "requires": {
        "workbox-core": "^5.1.4"
      }
    },
    "workbox-core": {
      "version": "5.1.4",
      "resolved": "https://registry.npmjs.org/workbox-core/-/workbox-core-5.1.4.tgz",
      "integrity": "sha512-+4iRQan/1D8I81nR2L5vcbaaFskZC2CL17TLbvWVzQ4qiF/ytOGF6XeV54pVxAvKUtkLANhk8TyIUMtiMw2oDg=="
    },
    "workbox-expiration": {
      "version": "5.1.4",
      "resolved": "https://registry.npmjs.org/workbox-expiration/-/workbox-expiration-5.1.4.tgz",
      "integrity": "sha512-oDO/5iC65h2Eq7jctAv858W2+CeRW5e0jZBMNRXpzp0ZPvuT6GblUiHnAsC5W5lANs1QS9atVOm4ifrBiYY7AQ==",
      "requires": {
        "workbox-core": "^5.1.4"
      }
    },
    "workbox-routing": {
      "version": "5.1.4",
      "resolved": "https://registry.npmjs.org/workbox-routing/-/workbox-routing-5.1.4.tgz",
      "integrity": "sha512-8ljknRfqE1vEQtnMtzfksL+UXO822jJlHTIR7+BtJuxQ17+WPZfsHqvk1ynR/v0EHik4x2+826Hkwpgh4GKDCw==",
      "requires": {
        "workbox-core": "^5.1.4"
      }
    },
    "workbox-strategies": {
      "version": "5.1.4",
      "resolved": "https://registry.npmjs.org/workbox-strategies/-/workbox-strategies-5.1.4.tgz",
      "integrity": "sha512-VVS57LpaJTdjW3RgZvPwX0NlhNmscR7OQ9bP+N/34cYMDzXLyA6kqWffP6QKXSkca1OFo/v6v7hW7zrrguo6EA==",
      "dev": true,
      "requires": {
        "workbox-core": "^5.1.4",
        "workbox-routing": "^5.1.4"
      }
    }
  }
}
